{
  "version": 4,
  "terraform_version": "0.15.4",
  "serial": 5,
  "lineage": "276f67af-8a4e-f22a-77d2-2e4a09146284",
  "outputs": {},
  "resources": [
    {
      "mode": "managed",
      "type": "local_file",
      "name": "cat_res",
      "provider": "provider[\"registry.terraform.io/hashicorp/local\"]",
      "instances": [
        {
          "schema_version": 0,
          "attributes": {
            "content": "cat is also pet animal",
            "content_base64": null,
            "content_base64sha256": "vKbzE+D9iD/Cae7/nQRKO2A+j6AY1mp+r9MY5sNbgRI=",
            "content_base64sha512": "PK2A0Gs8ezYTEE1Q8FRMK+BPWFQZYmXX273P34htRL2/0fAUk8CMMmiuaVs/8ThZ/vqzB8KgPn0H33COUEwlig==",
            "content_md5": "602ad21207a2de7a530c8a9de20413d9",
            "content_sha1": "ff60ee1517fc37884f4b29d3f8541d8daa1d5f9a",
            "content_sha256": "bca6f313e0fd883fc269eeff9d044a3b603e8fa018d66a7eafd318e6c35b8112",
            "content_sha512": "3cad80d06b3c7b3613104d50f0544c2be04f5854196265d7dbbdcfdf886d44bdbfd1f01493c08c3268ae695b3ff13859fefab307c2a03e7d07df708e504c258a",
            "directory_permission": "0777",
            "file_permission": "0644",
            "filename": "cat.txt",
            "id": "ff60ee1517fc37884f4b29d3f8541d8daa1d5f9a",
            "sensitive_content": null,
            "source": null
          },
          "sensitive_attributes": []
        }
      ]
    },
    {
      "mode": "managed",
      "type": "local_file",
      "name": "dog_res",
      "provider": "provider[\"registry.terraform.io/hashicorp/local\"]",
      "instances": [
        {
          "schema_version": 0,
          "attributes": {
            "content": "Dog is pet anaimal",
            "content_base64": null,
            "content_base64sha256": "rX4zFTfl53W/N/2TckjbYBv5pmZjndha1Tg6Prq01BA=",
            "content_base64sha512": "9sEuppIFgQi6MS/Bx8QHok0yVJ2SgVHpfYu5z1jVqeqFdnERapGRQYVSE/y/7VFviFwvNrxX5yCU0FpPfIelqQ==",
            "content_md5": "983966df0565c3078b5fee2831a71c5e",
            "content_sha1": "db6d5fbacc72eb2d7af801926b99c0f3f6d1bc33",
            "content_sha256": "ad7e331537e5e775bf37fd937248db601bf9a666639dd85ad5383a3ebab4d410",
            "content_sha512": "f6c12ea692058108ba312fc1c7c407a24d32549d928151e97d8bb9cf58d5a9ea857671116a919141855213fcbfed516f885c2f36bc57e72094d05a4f7c87a5a9",
            "directory_permission": "0777",
            "file_permission": "0600",
            "filename": "dog.txt",
            "id": "db6d5fbacc72eb2d7af801926b99c0f3f6d1bc33",
            "sensitive_content": null,
            "source": null
          },
          "sensitive_attributes": []
        }
      ]
    }
  ]
}
