{
  "version": 4,
  "terraform_version": "0.15.4",
  "serial": 8,
  "lineage": "276f67af-8a4e-f22a-77d2-2e4a09146284",
  "outputs": {},
  "resources": [
    {
      "mode": "managed",
      "type": "local_file",
      "name": "cat_res",
      "provider": "provider[\"registry.terraform.io/hashicorp/local\"]",
      "instances": [
        {
          "schema_version": 0,
          "attributes": {
            "content": "cat is also pet animal",
            "content_base64": null,
            "content_base64sha256": "vKbzE+D9iD/Cae7/nQRKO2A+j6AY1mp+r9MY5sNbgRI=",
            "content_base64sha512": "PK2A0Gs8ezYTEE1Q8FRMK+BPWFQZYmXX273P34htRL2/0fAUk8CMMmiuaVs/8ThZ/vqzB8KgPn0H33COUEwlig==",
            "content_md5": "602ad21207a2de7a530c8a9de20413d9",
            "content_sha1": "ff60ee1517fc37884f4b29d3f8541d8daa1d5f9a",
            "content_sha256": "bca6f313e0fd883fc269eeff9d044a3b603e8fa018d66a7eafd318e6c35b8112",
            "content_sha512": "3cad80d06b3c7b3613104d50f0544c2be04f5854196265d7dbbdcfdf886d44bdbfd1f01493c08c3268ae695b3ff13859fefab307c2a03e7d07df708e504c258a",
            "directory_permission": "0777",
            "file_permission": "0644",
            "filename": "cat.txt",
            "id": "ff60ee1517fc37884f4b29d3f8541d8daa1d5f9a",
            "sensitive_content": null,
            "source": null
          },
          "sensitive_attributes": []
        }
      ]
    },
    {
      "mode": "managed",
      "type": "local_file",
      "name": "dog_res",
      "provider": "provider[\"registry.terraform.io/hashicorp/local\"]",
      "instances": [
        {
          "schema_version": 0,
          "attributes": {
            "content": "Raj is a engineer",
            "content_base64": null,
            "content_base64sha256": "cN7AO1Yl3PjLbFwwUVLe6zPXh9n7/rfhgmSmzF/O1ug=",
            "content_base64sha512": "MJcHNAJHIYg3/UoVfdM54zzwBi2UPOXouBgnn5AvM37zJRhARodppNCarTYCILY7i8V/hIuKltaYeXwpSrxrvA==",
            "content_md5": "7555f074cdffc643726b4aac072a4d58",
            "content_sha1": "ac94c1ba89587ee52815e2c166060aed5d1aa1fd",
            "content_sha256": "70dec03b5625dcf8cb6c5c305152deeb33d787d9fbfeb7e18264a6cc5fced6e8",
            "content_sha512": "309707340247218837fd4a157dd339e33cf0062d943ce5e8b818279f902f337ef3251840468769a4d09aad360220b63b8bc57f848b8a96d698797c294abc6bbc",
            "directory_permission": "0777",
            "file_permission": "0600",
            "filename": "raj.txt",
            "id": "ac94c1ba89587ee52815e2c166060aed5d1aa1fd",
            "sensitive_content": null,
            "source": null
          },
          "sensitive_attributes": []
        }
      ]
    }
  ]
}
